// !$*UTF8*$!
{
	archiveVersion = 1;
	classes = {
	};
	objectVersion = 46;
	objects = {

/* Begin PBXBuildFile section */
		E2FE61A71E5A6C9500334F22 /* AppDelegate.swift in Sources */ = {isa = PBXBuildFile; fileRef = E2FE61A61E5A6C9500334F22 /* AppDelegate.swift */; };
		E2FE61A91E5A6C9500334F22 /* ViewController.swift in Sources */ = {isa = PBXBuildFile; fileRef = E2FE61A81E5A6C9500334F22 /* ViewController.swift */; };
		E2FE61AC1E5A6C9500334F22 /* Main.storyboard in Resources */ = {isa = PBXBuildFile; fileRef = E2FE61AA1E5A6C9500334F22 /* Main.storyboard */; };
		E2FE61AE1E5A6C9500334F22 /* Assets.xcassets in Resources */ = {isa = PBXBuildFile; fileRef = E2FE61AD1E5A6C9500334F22 /* Assets.xcassets */; };
		E2FE61B11E5A6C9500334F22 /* LaunchScreen.storyboard in Resources */ = {isa = PBXBuildFile; fileRef = E2FE61AF1E5A6C9500334F22 /* LaunchScreen.storyboard */; };
/* End PBXBuildFile section */

/* Begin PBXFileReference section */
		E2FE61A31E5A6C9500334F22 /* Tabley.app */ = {isa = PBXFileReference; explicitFileType = wrapper.application; includeInIndex = 0; path = Tabley.app; sourceTree = BUILT_PRODUCTS_DIR; };
		E2FE61A61E5A6C9500334F22 /* AppDelegate.swift */ = {isa = PBXFileReference; lastKnownFileType = sourcecode.swift; path = AppDelegate.swift; sourceTree = "<group>"; };
		E2FE61A81E5A6C9500334F22 /* ViewController.swift */ = {isa = PBXFileReference; lastKnownFileType = sourcecode.swift; path = ViewController.swift; sourceTree = "<group>"; };
		E2FE61AB1E5A6C9500334F22 /* Base */ = {isa = PBXFileReference; lastKnownFileType = file.storyboard; name = Base; path = Base.lproj/Main.storyboard; sourceTree = "<group>"; };
		E2FE61AD1E5A6C9500334F22 /* Assets.xcassets */ = {isa = PBXFileReference; lastKnownFileType = folder.assetcatalog; path = Assets.xcassets; sourceTree = "<group>"; };
		E2FE61B01E5A6C9500334F22 /* Base */ = {isa = PBXFileReference; lastKnownFileType = file.storyboard; name = Base; path = Base.lproj/LaunchScreen.storyboard; sourceTree = "<group>"; };
		E2FE61B21E5A6C9500334F22 /* Info.plist */ = {isa = PBXFileReference; lastKnownFileType = text.plist.xml; path = Info.plist; sourceTree = "<group>"; };
/* End PBXFileReference section */

/* Begin PBXFrameworksBuildPhase section */
		E2FE61A01E5A6C9500334F22 /* Frameworks */ = {
			isa = PBXFrameworksBuildPhase;
			buildActionMask = 2147483647;
			files = (
			);
			runOnlyForDeploymentPostprocessing = 0;
		};
/* End PBXFrameworksBuildPhase section */

/* Begin PBXGroup section */
		E2FE619A1E5A6C9500334F22 = {
			isa = PBXGroup;
			children = (
				E2FE61A51E5A6C9500334F22 /* Tabley */,
				E2FE61A41E5A6C9500334F22 /* Products */,
			);
			sourceTree = "<group>";
		};
		E2FE61A41E5A6C9500334F22 /* Products */ = {
			isa = PBXGroup;
			children = (
				E2FE61A31E5A6C9500334F22 /* Tabley.app */,
			);
			name = Products;
			sourceTree = "<group>";
		};
		E2FE61A51E5A6C9500334F22 /* Tabley */ = {
			isa = PBXGroup;
			children = (
				E2FE61A61E5A6C9500334F22 /* AppDelegate.swift */,
				E2FE61A81E5A6C9500334F22 /* ViewController.swift */,
				E2FE61AA1E5A6C9500334F22 /* Main.storyboard */,
				E2FE61AD1E5A6C9500334F22 /* Assets.xcassets */,
				E2FE61AF1E5A6C9500334F22 /* LaunchScreen.storyboard */,
				E2FE61B21E5A6C9500334F22 /* Info.plist */,
			);
			path = Tabley;
			sourceTree = "<group>";
		};
/* End PBXGroup section */

/* Begin PBXNativeTarget section */
		E2FE61A21E5A6C9500334F22 /* Tabley */ = {
			isa = PBXNativeTarget;
			buildConfigurationList = E2FE61B51E5A6C9500334F22 /* Build configuration list for PBXNativeTarget "Tabley" */;
			buildPhases = (
				E2FE619F1E5A6C9500334F22 /* Sources */,
				E2FE61A01E5A6C9500334F22 /* Frameworks */,
				E2FE61A11E5A6C9500334F22 /* Resources */,
			);
			buildRules = (
			);
			dependencies = (
			);
			name = Tabley;
			productName = Tabley;
			productReference = E2FE61A31E5A6C9500334F22 /* Tabley.app */;
			productType = "com.apple.product-type.application";
		};
/* End PBXNativeTarget section */

/* Begin PBXProject section */
		E2FE619B1E5A6C9500334F22 /* Project object */ = {
			isa = PBXProject;
			attributes = {
				LastSwiftUpdateCheck = 0820;
				LastUpgradeCheck = 0820;
				ORGANIZATIONNAME = "Michael Karr";
				TargetAttributes = {
					E2FE61A21E5A6C9500334F22 = {
						CreatedOnToolsVersion = 8.2.1;
						ProvisioningStyle = Automatic;
					};
				};
			};
			buildConfigurationList = E2FE619E1E5A6C9500334F22 /* Build configuration list for PBXProject "Tabley" */;
			compatibilityVersion = "Xcode 3.2";
			developmentRegion = English;
			hasScannedForEncodings = 0;
			knownRegions = (
				en,
				Base,
			);
			mainGroup = E2FE619A1E5A6C9500334F22;
			productRefGroup = E2FE61A41E5A6C9500334F22 /* Products */;
			projectDirPath = "";
			projectRoot = "";
			targets = (
				E2FE61A21E5A6C9500334F22 /* Tabley */,
			);
		};
/* End PBXProject section */

/* Begin PBXResourcesBuildPhase section */
		E2FE61A11E5A6C9500334F22 /* Resources */ = {
			isa = PBXResourcesBuildPhase;
			buildActionMask = 2147483647;
			files = (
				E2FE61B11E5A6C9500334F22 /* LaunchScreen.storyboard in Resources */,
				E2FE61AE1E5A6C9500334F22 /* Assets.xcassets in Resources */,
				E2FE61AC1E5A6C9500334F22 /* Main.storyboard in Resources */,
			);
			runOnlyForDeploymentPostprocessing = 0;
		};
/* End PBXResourcesBuildPhase section */

/* Begin PBXSourcesBuildPhase section */
		E2FE619F1E5A6C9500334F22 /* Sources */ = {
			isa = PBXSourcesBuildPhase;
			buildActionMask = 2147483647;
			files = (
				E2FE61A91E5A6C9500334F22 /* ViewController.swift in Sources */,
				E2FE61A71E5A6C9500334F22 /* AppDelegate.swift in Sources */,
			);
			runOnlyForDeploymentPostprocessing = 0;
		};
/* End PBXSourcesBuildPhase section */

/* Begin PBXVariantGroup section */
		E2FE61AA1E5A6C9500334F22 /* Main.storyboard */ = {
			isa = PBXVariantGroup;
			children = (
				E2FE61AB1E5A6C9500334F22 /* Base */,
			);
			name = Main.storyboard;
			sourceTree = "<group>";
		};
		E2FE61AF1E5A6C9500334F22 /* LaunchScreen.storyboard */ = {
			isa = PBXVariantGroup;
			children = (
				E2FE61B01E5A6C9500334F22 /* Base */,
			);
			name = LaunchScreen.storyboard;
			sourceTree = "<group>";
		};
/* End PBXVariantGroup section */

/* Begin XCBuildConfiguration section */
		E2FE61B31E5A6C9500334F22 /* Debug */ = {
			isa = XCBuildConfiguration;
			buildSettings = {
				ALWAYS_SEARCH_USER_PATHS = NO;
				CLANG_ANALYZER_NONNULL = YES;
				CLANG_CXX_LANGUAGE_STANDARD = "gnu++0x";
				CLANG_CXX_LIBRARY = "libc++";
				CLANG_ENABLE_MODULES = YES;
				CLANG_ENABLE_OBJC_ARC = YES;
				CLANG_WARN_BOOL_CONVERSION = YES;
				CLANG_WARN_CONSTANT_CONVERSION = YES;
				CLANG_WARN_DIRECT_OBJC_ISA_USAGE = YES_ERROR;
				CLANG_WARN_DOCUMENTATION_COMMENTS = YES;
				CLANG_WARN_EMPTY_BODY = YES;
				CLANG_WARN_ENUM_CONVERSION = YES;
				CLANG_WARN_INFINITE_RECURSION = YES;
				CLANG_WARN_INT_CONVERSION = YES;
				CLANG_WARN_OBJC_ROOT_CLASS = YES_ERROR;
				CLANG_WARN_SUSPICIOUS_MOVE = YES;
				CLANG_WARN_UNREACHABLE_CODE = YES;
				CLANG_WARN__DUPLICATE_METHOD_MATCH = YES;
				"CODE_SIGN_IDENTITY[sdk=iphoneos*]" = "iPhone Developer";
				COPY_PHASE_STRIP = NO;
				DEBUG_INFORMATION_FORMAT = dwarf;
				ENABLE_STRICT_OBJC_MSGSEND = YES;
				ENABLE_TESTABILITY = YES;
				GCC_C_LANGUAGE_STANDARD = gnu99;
				GCC_DYNAMIC_NO_PIC = NO;
				GCC_NO_COMMON_BLOCKS = YES;
				GCC_OPTIMIZATION_LEVEL = 0;
				GCC_PREPROCESSOR_DEFINITIONS = (
					"DEBUG=1",
					"$(inherited)",
				);
				GCC_WARN_64_TO_32_BIT_CONVERSION = YES;
				GCC_WARN_ABOUT_RETURN_TYPE = YES_ERROR;
				GCC_WARN_UNDECLARED_SELECTOR = YES;
				GCC_WARN_UNINITIALIZED_AUTOS = YES_AGGRESSIVE;
				GCC_WARN_UNUSED_FUNCTION = YES;
				GCC_WARN_UNUSED_VARIABLE = YES;
				IPHONEOS_DEPLOYMENT_TARGET = 10.2;
				MTL_ENABLE_DEBUG_INFO = YES;
				ONLY_ACTIVE_ARCH = YES;
				SDKROOT = iphoneos;
				SWIFT_ACTIVE_COMPILATION_CONDITIONS = DEBUG;
				SWIFT_OPTIMIZATION_LEVEL = "-Onone";
			};
			name = Debug;
		};
		E2FE61B41E5A6C9500334F22 /* Release */ = {
			isa = XCBuildConfiguration;
			buildSettings = {
				ALWAYS_SEARCH_USER_PATHS = NO;
				CLANG_ANALYZER_NONNULL = YES;
				CLANG_CXX_LANGUAGE_STANDARD = "gnu++0x";
				CLANG_CXX_LIBRARY = "libc++";
				CLANG_ENABLE_MODULES = YES;
				CLANG_ENABLE_OBJC_ARC = YES;
				CLANG_WARN_BOOL_CONVERSION = YES;
				CLANG_WARN_CONSTANT_CONVERSION = YES;
				CLANG_WARN_DIRECT_OBJC_ISA_USAGE = YES_ERROR;
				CLANG_WARN_DOCUMENTATION_COMMENTS = YES;
				CLANG_WARN_EMPTY_BODY = YES;
				CLANG_WARN_ENUM_CONVERSION = YES;
				CLANG_WARN_INFINITE_RECURSION = YES;
				CLANG_WARN_INT_CONVERSION = YES;
				CLANG_WARN_OBJC_ROOT_CLASS = YES_ERROR;
				CLANG_WARN_SUSPICIOUS_MOVE = YES;
				CLANG_WARN_UNREACHABLE_CODE = YES;
				CLANG_WARN__DUPLICATE_METHOD_MATCH = YES;
				"CODE_SIGN_IDENTITY[sdk=iphoneos*]" = "iPhone Developer";
				COPY_PHASE_STRIP = NO;
				DEBUG_INFORMATION_FORMAT = "dwarf-with-dsym";
				ENABLE_NS_ASSERTIONS = NO;
				ENABLE_STRICT_OBJC_MSGSEND = YES;
				GCC_C_LANGUAGE_STANDARD = gnu99;
				GCC_NO_COMMON_BLOCKS = YES;
				GCC_WARN_64_TO_32_BIT_CONVERSION = YES;
				GCC_WARN_ABOUT_RETURN_TYPE = YES_ERROR;
				GCC_WARN_UNDECLARED_SELECTOR = YES;
				GCC_WARN_UNINITIALIZED_AUTOS = YES_AGGRESSIVE;
				GCC_WARN_UNUSED_FUNCTION = YES;
				GCC_WARN_UNUSED_VARIABLE = YES;
				IPHONEOS_DEPLOYMENT_TARGET = 10.2;
				MTL_ENABLE_DEBUG_INFO = NO;
				SDKROOT = iphoneos;
				SWIFT_OPTIMIZATION_LEVEL = "-Owholemodule";
				VALIDATE_PRODUCT = YES;
			};
			name = Release;
		};
		E2FE61B61E5A6C9500334F22 /* Debug */ = {
			isa = XCBuildConfiguration;
			buildSettings = {
				ASSETCATALOG_COMPILER_APPICON_NAME = AppIcon;
				INFOPLIST_FILE = Tabley/Info.plist;
				LD_RUNPATH_SEARCH_PATHS = "$(inherited) @executable_path/Frameworks";
				PRODUCT_BUNDLE_IDENTIFIER = com.mak.Tabley;
				PRODUCT_NAME = "$(TARGET_NAME)";
				SWIFT_VERSION = 3.0;
			};
			name = Debug;
		};
		E2FE61B71E5A6C9500334F22 /* Release */ = {
			isa = XCBuildConfiguration;
			buildSettings = {
				ASSETCATALOG_COMPILER_APPICON_NAME = AppIcon;
				INFOPLIST_FILE = Tabley/Info.plist;
				LD_RUNPATH_SEARCH_PATHS = "$(inherited) @executable_path/Frameworks";
				PRODUCT_BUNDLE_IDENTIFIER = com.mak.Tabley;
				PRODUCT_NAME = "$(TARGET_NAME)";
				SWIFT_VERSION = 3.0;
			};
			name = Release;
		};
/* End XCBuildConfiguration section */

/* Begin XCConfigurationList section */
		E2FE619E1E5A6C9500334F22 /* Build configuration list for PBXProject "Tabley" */ = {
			isa = XCConfigurationList;
			buildConfigurations = (
				E2FE61B31E5A6C9500334F22 /* Debug */,
				E2FE61B41E5A6C9500334F22 /* Release */,
			);
			defaultConfigurationIsVisible = 0;
			defaultConfigurationName = Release;
		};
		E2FE61B51E5A6C9500334F22 /* Build configuration list for PBXNativeTarget "Tabley" */ = {
			isa = XCConfigurationList;
			buildConfigurations = (
				E2FE61B61E5A6C9500334F22 /* Debug */,
				E2FE61B71E5A6C9500334F22 /* Release */,
			);
			defaultConfigurationIsVisible = 0;
		};
/* End XCConfigurationList section */
	};
	rootObject = E2FE619B1E5A6C9500334F22 /* Project object */;
}
